
Microsoft Visual Studio Solution File, Format Version 12.00
# Visual Studio Version 17
VisualStudioVersion = 17.0.31912.275
MinimumVisualStudioVersion = 10.0.40219.1
Project("{FAE04EC0-301F-11D3-BF4B-00C04F79EFBC}") = "VL.SUP", "VL.SUP\VL.SUP.csproj", "{4951D7F4-AB43-4B4D-B8E2-ACC3B60D6A8B}"
EndProject
Global
	GlobalSection(SolutionConfigurationPlatforms) = preSolution
		Debug|Any CPU = Debug|Any CPU
		Release|Any CPU = Release|Any CPU
	EndGlobalSection
	GlobalSection(ProjectConfigurationPlatforms) = postSolution
		{4951D7F4-AB43-4B4D-B8E2-ACC3B60D6A8B}.Debug|Any CPU.ActiveCfg = Debug|Any CPU
		{4951D7F4-AB43-4B4D-B8E2-ACC3B60D6A8B}.Debug|Any CPU.Build.0 = Debug|Any CPU
		{4951D7F4-AB43-4B4D-B8E2-ACC3B60D6A8B}.Release|Any CPU.ActiveCfg = Release|Any CPU
		{4951D7F4-AB43-4B4D-B8E2-ACC3B60D6A8B}.Release|Any CPU.Build.0 = Release|Any CPU
	EndGlobalSection
	GlobalSection(SolutionProperties) = preSolution
		HideSolutionNode = FALSE
	EndGlobalSection
	GlobalSection(ExtensibilityGlobals) = postSolution
		SolutionGuid = {F30BAC44-5E6C-4615-85BD-DDEE1F3931EC}
	EndGlobalSection
EndGlobal
